
Microsoft Visual Studio Solution File, Format Version 12.00
# Visual Studio Express 15 for Windows Desktop
VisualStudioVersion = 15.0.28307.902
MinimumVisualStudioVersion = 10.0.40219.1
Project("{FAE04EC0-301F-11D3-BF4B-00C04F79EFBC}") = "Presentation", "Presentation\Presentation.csproj", "{1A9D02C2-E1B0-48B7-8295-D0740FDDDF5C}"
EndProject
Project("{FAE04EC0-301F-11D3-BF4B-00C04F79EFBC}") = "Data", "Data\Data.csproj", "{7DB9F648-6B70-4BF9-BBAA-9E21518AD3EF}"
EndProject
Project("{FAE04EC0-301F-11D3-BF4B-00C04F79EFBC}") = "Business", "Business\Business.csproj", "{083FCEBC-B254-4100-9D4D-15B4FE0DD253}"
EndProject
Global
	GlobalSection(SolutionConfigurationPlatforms) = preSolution
		Debug|Any CPU = Debug|Any CPU
		Release|Any CPU = Release|Any CPU
	EndGlobalSection
	GlobalSection(ProjectConfigurationPlatforms) = postSolution
		{1A9D02C2-E1B0-48B7-8295-D0740FDDDF5C}.Debug|Any CPU.ActiveCfg = Debug|Any CPU
		{1A9D02C2-E1B0-48B7-8295-D0740FDDDF5C}.Debug|Any CPU.Build.0 = Debug|Any CPU
		{1A9D02C2-E1B0-48B7-8295-D0740FDDDF5C}.Release|Any CPU.ActiveCfg = Release|Any CPU
		{1A9D02C2-E1B0-48B7-8295-D0740FDDDF5C}.Release|Any CPU.Build.0 = Release|Any CPU
		{7DB9F648-6B70-4BF9-BBAA-9E21518AD3EF}.Debug|Any CPU.ActiveCfg = Debug|Any CPU
		{7DB9F648-6B70-4BF9-BBAA-9E21518AD3EF}.Debug|Any CPU.Build.0 = Debug|Any CPU
		{7DB9F648-6B70-4BF9-BBAA-9E21518AD3EF}.Release|Any CPU.ActiveCfg = Release|Any CPU
		{7DB9F648-6B70-4BF9-BBAA-9E21518AD3EF}.Release|Any CPU.Build.0 = Release|Any CPU
		{083FCEBC-B254-4100-9D4D-15B4FE0DD253}.Debug|Any CPU.ActiveCfg = Debug|Any CPU
		{083FCEBC-B254-4100-9D4D-15B4FE0DD253}.Debug|Any CPU.Build.0 = Debug|Any CPU
		{083FCEBC-B254-4100-9D4D-15B4FE0DD253}.Release|Any CPU.ActiveCfg = Release|Any CPU
		{083FCEBC-B254-4100-9D4D-15B4FE0DD253}.Release|Any CPU.Build.0 = Release|Any CPU
	EndGlobalSection
	GlobalSection(SolutionProperties) = preSolution
		HideSolutionNode = FALSE
	EndGlobalSection
	GlobalSection(ExtensibilityGlobals) = postSolution
		SolutionGuid = {38FA2304-6552-4A0B-B20A-501B61821458}
	EndGlobalSection
EndGlobal
